
Microsoft Visual Studio Solution File, Format Version 12.00
# Visual Studio Version 17
VisualStudioVersion = 17.6.33712.159
MinimumVisualStudioVersion = 10.0.40219.1
Project("{FAE04EC0-301F-11D3-BF4B-00C04F79EFBC}") = "StudentManage", "StudentManage.csproj", "{5B37D321-6E71-4AC6-AF26-1A650CEABF9D}"
EndProject
Global
	GlobalSection(SolutionConfigurationPlatforms) = preSolution
		Debug|Any CPU = Debug|Any CPU
		Release|Any CPU = Release|Any CPU
	EndGlobalSection
	GlobalSection(ProjectConfigurationPlatforms) = postSolution
		{5B37D321-6E71-4AC6-AF26-1A650CEABF9D}.Debug|Any CPU.ActiveCfg = Debug|Any CPU
		{5B37D321-6E71-4AC6-AF26-1A650CEABF9D}.Debug|Any CPU.Build.0 = Debug|Any CPU
		{5B37D321-6E71-4AC6-AF26-1A650CEABF9D}.Release|Any CPU.ActiveCfg = Release|Any CPU
		{5B37D321-6E71-4AC6-AF26-1A650CEABF9D}.Release|Any CPU.Build.0 = Release|Any CPU
	EndGlobalSection
	GlobalSection(SolutionProperties) = preSolution
		HideSolutionNode = FALSE
	EndGlobalSection
	GlobalSection(ExtensibilityGlobals) = postSolution
		SolutionGuid = {98875D9D-F711-4125-9ECF-4AADD384B2FA}
	EndGlobalSection
EndGlobal
